
Microsoft Visual Studio Solution File, Format Version 12.00
# Visual Studio Version 17
VisualStudioVersion = 17.14.36705.20 d17.14
MinimumVisualStudioVersion = 10.0.40219.1
Project("{FAE04EC0-301F-11D3-BF4B-00C04F79EFBC}") = "WebAppHr4", "WebAppHr4.csproj", "{9DA3FE92-FE86-44BF-897C-A7DCA83DCE38}"
EndProject
Global
	GlobalSection(SolutionConfigurationPlatforms) = preSolution
		Debug|Any CPU = Debug|Any CPU
		Release|Any CPU = Release|Any CPU
	EndGlobalSection
	GlobalSection(ProjectConfigurationPlatforms) = postSolution
		{9DA3FE92-FE86-44BF-897C-A7DCA83DCE38}.Debug|Any CPU.ActiveCfg = Debug|Any CPU
		{9DA3FE92-FE86-44BF-897C-A7DCA83DCE38}.Debug|Any CPU.Build.0 = Debug|Any CPU
		{9DA3FE92-FE86-44BF-897C-A7DCA83DCE38}.Release|Any CPU.ActiveCfg = Release|Any CPU
		{9DA3FE92-FE86-44BF-897C-A7DCA83DCE38}.Release|Any CPU.Build.0 = Release|Any CPU
	EndGlobalSection
	GlobalSection(SolutionProperties) = preSolution
		HideSolutionNode = FALSE
	EndGlobalSection
	GlobalSection(ExtensibilityGlobals) = postSolution
		SolutionGuid = {AE82C048-2901-4F07-BFBB-ED80F1C9228C}
	EndGlobalSection
EndGlobal
